// !$*UTF8*$!
{
	archiveVersion = 1;
	classes = {
	};
	objectVersion = 46;
	objects = {

/* Begin PBXBuildFile section */
		EE15D9781C98835E009D77B0 /* AppDelegate.swift in Sources */ = {isa = PBXBuildFile; fileRef = EE15D9771C98835E009D77B0 /* AppDelegate.swift */; };
		EE15D97A1C98835E009D77B0 /* ViewController.swift in Sources */ = {isa = PBXBuildFile; fileRef = EE15D9791C98835E009D77B0 /* ViewController.swift */; };
		EE15D97D1C98835E009D77B0 /* Main.storyboard in Resources */ = {isa = PBXBuildFile; fileRef = EE15D97B1C98835E009D77B0 /* Main.storyboard */; };
		EE15D9801C98835E009D77B0 /* Sankati_MultiLingualApp.xcdatamodeld in Sources */ = {isa = PBXBuildFile; fileRef = EE15D97E1C98835E009D77B0 /* Sankati_MultiLingualApp.xcdatamodeld */; };
		EE15D9821C98835E009D77B0 /* Assets.xcassets in Resources */ = {isa = PBXBuildFile; fileRef = EE15D9811C98835E009D77B0 /* Assets.xcassets */; };
		EE15D9851C98835E009D77B0 /* LaunchScreen.storyboard in Resources */ = {isa = PBXBuildFile; fileRef = EE15D9831C98835E009D77B0 /* LaunchScreen.storyboard */; };
/* End PBXBuildFile section */

/* Begin PBXFileReference section */
		EE15D9741C98835E009D77B0 /* Sankati_MultiLingualApp.app */ = {isa = PBXFileReference; explicitFileType = wrapper.application; includeInIndex = 0; path = Sankati_MultiLingualApp.app; sourceTree = BUILT_PRODUCTS_DIR; };
		EE15D9771C98835E009D77B0 /* AppDelegate.swift */ = {isa = PBXFileReference; lastKnownFileType = sourcecode.swift; path = AppDelegate.swift; sourceTree = "<group>"; };
		EE15D9791C98835E009D77B0 /* ViewController.swift */ = {isa = PBXFileReference; lastKnownFileType = sourcecode.swift; path = ViewController.swift; sourceTree = "<group>"; };
		EE15D97C1C98835E009D77B0 /* Base */ = {isa = PBXFileReference; lastKnownFileType = file.storyboard; name = Base; path = Base.lproj/Main.storyboard; sourceTree = "<group>"; };
		EE15D97F1C98835E009D77B0 /* Sankati_MultiLingualApp.xcdatamodel */ = {isa = PBXFileReference; lastKnownFileType = wrapper.xcdatamodel; path = Sankati_MultiLingualApp.xcdatamodel; sourceTree = "<group>"; };
		EE15D9811C98835E009D77B0 /* Assets.xcassets */ = {isa = PBXFileReference; lastKnownFileType = folder.assetcatalog; path = Assets.xcassets; sourceTree = "<group>"; };
		EE15D9841C98835E009D77B0 /* Base */ = {isa = PBXFileReference; lastKnownFileType = file.storyboard; name = Base; path = Base.lproj/LaunchScreen.storyboard; sourceTree = "<group>"; };
		EE15D9861C98835E009D77B0 /* Info.plist */ = {isa = PBXFileReference; lastKnownFileType = text.plist.xml; path = Info.plist; sourceTree = "<group>"; };
/* End PBXFileReference section */

/* Begin PBXFrameworksBuildPhase section */
		EE15D9711C98835E009D77B0 /* Frameworks */ = {
			isa = PBXFrameworksBuildPhase;
			buildActionMask = 2147483647;
			files = (
			);
			runOnlyForDeploymentPostprocessing = 0;
		};
/* End PBXFrameworksBuildPhase section */

/* Begin PBXGroup section */
		EE15D96B1C98835E009D77B0 = {
			isa = PBXGroup;
			children = (
				EE15D9761C98835E009D77B0 /* Sankati_MultiLingualApp */,
				EE15D9751C98835E009D77B0 /* Products */,
			);
			sourceTree = "<group>";
		};
		EE15D9751C98835E009D77B0 /* Products */ = {
			isa = PBXGroup;
			children = (
				EE15D9741C98835E009D77B0 /* Sankati_MultiLingualApp.app */,
			);
			name = Products;
			sourceTree = "<group>";
		};
		EE15D9761C98835E009D77B0 /* Sankati_MultiLingualApp */ = {
			isa = PBXGroup;
			children = (
				EE15D9771C98835E009D77B0 /* AppDelegate.swift */,
				EE15D9791C98835E009D77B0 /* ViewController.swift */,
				EE15D97B1C98835E009D77B0 /* Main.storyboard */,
				EE15D9811C98835E009D77B0 /* Assets.xcassets */,
				EE15D9831C98835E009D77B0 /* LaunchScreen.storyboard */,
				EE15D9861C98835E009D77B0 /* Info.plist */,
				EE15D97E1C98835E009D77B0 /* Sankati_MultiLingualApp.xcdatamodeld */,
			);
			path = Sankati_MultiLingualApp;
			sourceTree = "<group>";
		};
/* End PBXGroup section */

/* Begin PBXNativeTarget section */
		EE15D9731C98835E009D77B0 /* Sankati_MultiLingualApp */ = {
			isa = PBXNativeTarget;
			buildConfigurationList = EE15D9891C98835E009D77B0 /* Build configuration list for PBXNativeTarget "Sankati_MultiLingualApp" */;
			buildPhases = (
				EE15D9701C98835E009D77B0 /* Sources */,
				EE15D9711C98835E009D77B0 /* Frameworks */,
				EE15D9721C98835E009D77B0 /* Resources */,
			);
			buildRules = (
			);
			dependencies = (
			);
			name = Sankati_MultiLingualApp;
			productName = Sankati_MultiLingualApp;
			productReference = EE15D9741C98835E009D77B0 /* Sankati_MultiLingualApp.app */;
			productType = "com.apple.product-type.application";
		};
/* End PBXNativeTarget section */

/* Begin PBXProject section */
		EE15D96C1C98835E009D77B0 /* Project object */ = {
			isa = PBXProject;
			attributes = {
				LastSwiftUpdateCheck = 0720;
				LastUpgradeCheck = 0720;
				ORGANIZATIONNAME = "Sankati,Vignan";
				TargetAttributes = {
					EE15D9731C98835E009D77B0 = {
						CreatedOnToolsVersion = 7.2;
					};
				};
			};
			buildConfigurationList = EE15D96F1C98835E009D77B0 /* Build configuration list for PBXProject "Sankati_MultiLingualApp" */;
			compatibilityVersion = "Xcode 3.2";
			developmentRegion = English;
			hasScannedForEncodings = 0;
			knownRegions = (
				en,
				Base,
			);
			mainGroup = EE15D96B1C98835E009D77B0;
			productRefGroup = EE15D9751C98835E009D77B0 /* Products */;
			projectDirPath = "";
			projectRoot = "";
			targets = (
				EE15D9731C98835E009D77B0 /* Sankati_MultiLingualApp */,
			);
		};
/* End PBXProject section */

/* Begin PBXResourcesBuildPhase section */
		EE15D9721C98835E009D77B0 /* Resources */ = {
			isa = PBXResourcesBuildPhase;
			buildActionMask = 2147483647;
			files = (
				EE15D9851C98835E009D77B0 /* LaunchScreen.storyboard in Resources */,
				EE15D9821C98835E009D77B0 /* Assets.xcassets in Resources */,
				EE15D97D1C98835E009D77B0 /* Main.storyboard in Resources */,
			);
			runOnlyForDeploymentPostprocessing = 0;
		};
/* End PBXResourcesBuildPhase section */

/* Begin PBXSourcesBuildPhase section */
		EE15D9701C98835E009D77B0 /* Sources */ = {
			isa = PBXSourcesBuildPhase;
			buildActionMask = 2147483647;
			files = (
				EE15D97A1C98835E009D77B0 /* ViewController.swift in Sources */,
				EE15D9801C98835E009D77B0 /* Sankati_MultiLingualApp.xcdatamodeld in Sources */,
				EE15D9781C98835E009D77B0 /* AppDelegate.swift in Sources */,
			);
			runOnlyForDeploymentPostprocessing = 0;
		};
/* End PBXSourcesBuildPhase section */

/* Begin PBXVariantGroup section */
		EE15D97B1C98835E009D77B0 /* Main.storyboard */ = {
			isa = PBXVariantGroup;
			children = (
				EE15D97C1C98835E009D77B0 /* Base */,
			);
			name = Main.storyboard;
			sourceTree = "<group>";
		};
		EE15D9831C98835E009D77B0 /* LaunchScreen.storyboard */ = {
			isa = PBXVariantGroup;
			children = (
				EE15D9841C98835E009D77B0 /* Base */,
			);
			name = LaunchScreen.storyboard;
			sourceTree = "<group>";
		};
/* End PBXVariantGroup section */

/* Begin XCBuildConfiguration section */
		EE15D9871C98835E009D77B0 /* Debug */ = {
			isa = XCBuildConfiguration;
			buildSettings = {
				ALWAYS_SEARCH_USER_PATHS = NO;
				CLANG_CXX_LANGUAGE_STANDARD = "gnu++0x";
				CLANG_CXX_LIBRARY = "libc++";
				CLANG_ENABLE_MODULES = YES;
				CLANG_ENABLE_OBJC_ARC = YES;
				CLANG_WARN_BOOL_CONVERSION = YES;
				CLANG_WARN_CONSTANT_CONVERSION = YES;
				CLANG_WARN_DIRECT_OBJC_ISA_USAGE = YES_ERROR;
				CLANG_WARN_EMPTY_BODY = YES;
				CLANG_WARN_ENUM_CONVERSION = YES;
				CLANG_WARN_INT_CONVERSION = YES;
				CLANG_WARN_OBJC_ROOT_CLASS = YES_ERROR;
				CLANG_WARN_UNREACHABLE_CODE = YES;
				CLANG_WARN__DUPLICATE_METHOD_MATCH = YES;
				"CODE_SIGN_IDENTITY[sdk=iphoneos*]" = "iPhone Developer";
				COPY_PHASE_STRIP = NO;
				DEBUG_INFORMATION_FORMAT = dwarf;
				ENABLE_STRICT_OBJC_MSGSEND = YES;
				ENABLE_TESTABILITY = YES;
				GCC_C_LANGUAGE_STANDARD = gnu99;
				GCC_DYNAMIC_NO_PIC = NO;
				GCC_NO_COMMON_BLOCKS = YES;
				GCC_OPTIMIZATION_LEVEL = 0;
				GCC_PREPROCESSOR_DEFINITIONS = (
					"DEBUG=1",
					"$(inherited)",
				);
				GCC_WARN_64_TO_32_BIT_CONVERSION = YES;
				GCC_WARN_ABOUT_RETURN_TYPE = YES_ERROR;
				GCC_WARN_UNDECLARED_SELECTOR = YES;
				GCC_WARN_UNINITIALIZED_AUTOS = YES_AGGRESSIVE;
				GCC_WARN_UNUSED_FUNCTION = YES;
				GCC_WARN_UNUSED_VARIABLE = YES;
				IPHONEOS_DEPLOYMENT_TARGET = 9.2;
				MTL_ENABLE_DEBUG_INFO = YES;
				ONLY_ACTIVE_ARCH = YES;
				SDKROOT = iphoneos;
				SWIFT_OPTIMIZATION_LEVEL = "-Onone";
				TARGETED_DEVICE_FAMILY = "1,2";
			};
			name = Debug;
		};
		EE15D9881C98835E009D77B0 /* Release */ = {
			isa = XCBuildConfiguration;
			buildSettings = {
				ALWAYS_SEARCH_USER_PATHS = NO;
				CLANG_CXX_LANGUAGE_STANDARD = "gnu++0x";
				CLANG_CXX_LIBRARY = "libc++";
				CLANG_ENABLE_MODULES = YES;
				CLANG_ENABLE_OBJC_ARC = YES;
				CLANG_WARN_BOOL_CONVERSION = YES;
				CLANG_WARN_CONSTANT_CONVERSION = YES;
				CLANG_WARN_DIRECT_OBJC_ISA_USAGE = YES_ERROR;
				CLANG_WARN_EMPTY_BODY = YES;
				CLANG_WARN_ENUM_CONVERSION = YES;
				CLANG_WARN_INT_CONVERSION = YES;
				CLANG_WARN_OBJC_ROOT_CLASS = YES_ERROR;
				CLANG_WARN_UNREACHABLE_CODE = YES;
				CLANG_WARN__DUPLICATE_METHOD_MATCH = YES;
				"CODE_SIGN_IDENTITY[sdk=iphoneos*]" = "iPhone Developer";
				COPY_PHASE_STRIP = NO;
				DEBUG_INFORMATION_FORMAT = "dwarf-with-dsym";
				ENABLE_NS_ASSERTIONS = NO;
				ENABLE_STRICT_OBJC_MSGSEND = YES;
				GCC_C_LANGUAGE_STANDARD = gnu99;
				GCC_NO_COMMON_BLOCKS = YES;
				GCC_WARN_64_TO_32_BIT_CONVERSION = YES;
				GCC_WARN_ABOUT_RETURN_TYPE = YES_ERROR;
				GCC_WARN_UNDECLARED_SELECTOR = YES;
				GCC_WARN_UNINITIALIZED_AUTOS = YES_AGGRESSIVE;
				GCC_WARN_UNUSED_FUNCTION = YES;
				GCC_WARN_UNUSED_VARIABLE = YES;
				IPHONEOS_DEPLOYMENT_TARGET = 9.2;
				MTL_ENABLE_DEBUG_INFO = NO;
				SDKROOT = iphoneos;
				TARGETED_DEVICE_FAMILY = "1,2";
				VALIDATE_PRODUCT = YES;
			};
			name = Release;
		};
		EE15D98A1C98835E009D77B0 /* Debug */ = {
			isa = XCBuildConfiguration;
			buildSettings = {
				ASSETCATALOG_COMPILER_APPICON_NAME = AppIcon;
				INFOPLIST_FILE = Sankati_MultiLingualApp/Info.plist;
				LD_RUNPATH_SEARCH_PATHS = "$(inherited) @executable_path/Frameworks";
				PRODUCT_BUNDLE_IDENTIFIER = "org.nwmissouri.edu.Sankati-MultiLingualApp";
				PRODUCT_NAME = "$(TARGET_NAME)";
			};
			name = Debug;
		};
		EE15D98B1C98835E009D77B0 /* Release */ = {
			isa = XCBuildConfiguration;
			buildSettings = {
				ASSETCATALOG_COMPILER_APPICON_NAME = AppIcon;
				INFOPLIST_FILE = Sankati_MultiLingualApp/Info.plist;
				LD_RUNPATH_SEARCH_PATHS = "$(inherited) @executable_path/Frameworks";
				PRODUCT_BUNDLE_IDENTIFIER = "org.nwmissouri.edu.Sankati-MultiLingualApp";
				PRODUCT_NAME = "$(TARGET_NAME)";
			};
			name = Release;
		};
/* End XCBuildConfiguration section */

/* Begin XCConfigurationList section */
		EE15D96F1C98835E009D77B0 /* Build configuration list for PBXProject "Sankati_MultiLingualApp" */ = {
			isa = XCConfigurationList;
			buildConfigurations = (
				EE15D9871C98835E009D77B0 /* Debug */,
				EE15D9881C98835E009D77B0 /* Release */,
			);
			defaultConfigurationIsVisible = 0;
			defaultConfigurationName = Release;
		};
		EE15D9891C98835E009D77B0 /* Build configuration list for PBXNativeTarget "Sankati_MultiLingualApp" */ = {
			isa = XCConfigurationList;
			buildConfigurations = (
				EE15D98A1C98835E009D77B0 /* Debug */,
				EE15D98B1C98835E009D77B0 /* Release */,
			);
			defaultConfigurationIsVisible = 0;
		};
/* End XCConfigurationList section */

/* Begin XCVersionGroup section */
		EE15D97E1C98835E009D77B0 /* Sankati_MultiLingualApp.xcdatamodeld */ = {
			isa = XCVersionGroup;
			children = (
				EE15D97F1C98835E009D77B0 /* Sankati_MultiLingualApp.xcdatamodel */,
			);
			currentVersion = EE15D97F1C98835E009D77B0 /* Sankati_MultiLingualApp.xcdatamodel */;
			path = Sankati_MultiLingualApp.xcdatamodeld;
			sourceTree = "<group>";
			versionGroupType = wrapper.xcdatamodel;
		};
/* End XCVersionGroup section */
	};
	rootObject = EE15D96C1C98835E009D77B0 /* Project object */;
}
